lockfile_version: '1'
generated_at: '2026-07-02T15:55:08.296600+00:00'
apm_version: 0.14.0
dependencies:
- repo_url: Faithlife/RepoConventions
  host: github.com
  resolved_commit: eeb9301ff6daf3039ef23cbc999914508b82dc28
  virtual_path: skills/repo-conventions
  is_virtual: true
  package_type: claude_skill
  deployed_files:
  - .agents/skills/repo-conventions
  content_hash: sha256:6e4dc45d96d7adc8f1d3e3300d9ee90eef9c2d0231ea83ad86fed64fca105034
- repo_url: richlander/dotnet-inspect
  host: github.com
  resolved_commit: acc66228e5ab5cfb22c8646849ada3e6883a41d9
  virtual_path: skills/dotnet-inspect
  is_virtual: true
  package_type: claude_skill
  deployed_files:
  - .agents/skills/dotnet-inspect
  content_hash: sha256:fa4acda1bb5b846a0f5100d851db192a476beb2801bee99685f9f4bcddabb198
