lockfile_version: '1'
generated_at: '2026-08-12T14:39:40.875014+00:00'
apm_version: 0.14.0
dependencies:
- repo_url: Faithlife/RepoConventions
  host: github.com
  resolved_commit: 45bc7a8db9b4c1901857b7e29d80f7cb0a5e4381
  virtual_path: skills/repo-conventions
  is_virtual: true
  package_type: claude_skill
  deployed_files:
  - .agents/skills/repo-conventions
  content_hash: sha256:6e4dc45d96d7adc8f1d3e3300d9ee90eef9c2d0231ea83ad86fed64fca105034
- repo_url: richlander/dotnet-inspect
  host: github.com
  resolved_commit: cd341ef17c9f4cce5141f456bd68024436ae31d8
  virtual_path: skills/dotnet-inspect
  is_virtual: true
  package_type: claude_skill
  deployed_files:
  - .agents/skills/dotnet-inspect
  content_hash: sha256:c4aa9e91c095af01ba103dccd041197cb840be0c936a4eec134eddd76c9edd2f
