Microsoft Visual Studio Solution File, Format Version 12.00
# Visual Studio Version 16
VisualStudioVersion = 16.0.29324.140
MinimumVisualStudioVersion = 10.0.40219.1
Project("{2150E333-8FDC-42A3-9474-1A3956D46DE8}") = "Solution Items", "Solution Items", "{A219E328-B15A-41FF-BAA5-5F46679EF9C8}"
	ProjectSection(SolutionItems) = preProject
		.editorconfig = .editorconfig
		.gitattributes = .gitattributes
		.gitignore = .gitignore
		build.cmd = build.cmd
		build.sh = build.sh
		.github\workflows\build.yaml = .github\workflows\build.yaml
		Directory.Build.props = Directory.Build.props
		LICENSE = LICENSE
		nuget.config = nuget.config
		README.md = README.md
		ReleaseNotes.md = ReleaseNotes.md
	EndProjectSection
EndProject
Project("{9A19103F-16F7-4668-BE54-9A1E7A4F7556}") = "Facility.Definition", "src\Facility.Definition\Facility.Definition.csproj", "{803FAFD4-5B25-4486-9BB4-6151D250944C}"
EndProject
Project("{9A19103F-16F7-4668-BE54-9A1E7A4F7556}") = "Facility.CodeGen.Console", "src\Facility.CodeGen.Console\Facility.CodeGen.Console.csproj", "{17975972-C390-45D5-AF4D-7490B04C66BF}"
EndProject
Project("{9A19103F-16F7-4668-BE54-9A1E7A4F7556}") = "fsdgenfsd", "src\fsdgenfsd\fsdgenfsd.csproj", "{9A118AAD-1CBF-47E7-B08E-7A3CB72A191B}"
EndProject
Project("{9A19103F-16F7-4668-BE54-9A1E7A4F7556}") = "Facility.Definition.UnitTests", "tests\Facility.Definition.UnitTests\Facility.Definition.UnitTests.csproj", "{61444245-9A0C-46AE-BA11-54CC6B1F3CB4}"
EndProject
Project("{2150E333-8FDC-42A3-9474-1A3956D46DE8}") = "fsd", "fsd", "{A5F306E8-F964-4628-8542-5875AB265242}"
	ProjectSection(SolutionItems) = preProject
		fsd\FacilityCore.fsd = fsd\FacilityCore.fsd
	EndProjectSection
EndProject
Project("{2150E333-8FDC-42A3-9474-1A3956D46DE8}") = "example", "example", "{A887B544-D4CE-49BE-8007-A9CFB2284857}"
	ProjectSection(SolutionItems) = preProject
		example\ExampleApi.fsd = example\ExampleApi.fsd
		example\ExampleApi.fsd.md = example\ExampleApi.fsd.md
	EndProjectSection
EndProject
Project("{9A19103F-16F7-4668-BE54-9A1E7A4F7556}") = "Build", "tools\Build\Build.csproj", "{D5BE69C0-DC75-48BB-A180-8C89CB3E6215}"
EndProject
Project("{9A19103F-16F7-4668-BE54-9A1E7A4F7556}") = "XmlDocGen", "tools\XmlDocGen\XmlDocGen.csproj", "{636E5B36-4AA8-47D8-884C-AE4D80B49A14}"
EndProject
Global
	GlobalSection(SolutionConfigurationPlatforms) = preSolution
		Debug|Any CPU = Debug|Any CPU
		Release|Any CPU = Release|Any CPU
	EndGlobalSection
	GlobalSection(ProjectConfigurationPlatforms) = postSolution
		{803FAFD4-5B25-4486-9BB4-6151D250944C}.Debug|Any CPU.ActiveCfg = Debug|Any CPU
		{803FAFD4-5B25-4486-9BB4-6151D250944C}.Debug|Any CPU.Build.0 = Debug|Any CPU
		{803FAFD4-5B25-4486-9BB4-6151D250944C}.Release|Any CPU.ActiveCfg = Release|Any CPU
		{803FAFD4-5B25-4486-9BB4-6151D250944C}.Release|Any CPU.Build.0 = Release|Any CPU
		{17975972-C390-45D5-AF4D-7490B04C66BF}.Debug|Any CPU.ActiveCfg = Debug|Any CPU
		{17975972-C390-45D5-AF4D-7490B04C66BF}.Debug|Any CPU.Build.0 = Debug|Any CPU
		{17975972-C390-45D5-AF4D-7490B04C66BF}.Release|Any CPU.ActiveCfg = Release|Any CPU
		{17975972-C390-45D5-AF4D-7490B04C66BF}.Release|Any CPU.Build.0 = Release|Any CPU
		{9A118AAD-1CBF-47E7-B08E-7A3CB72A191B}.Debug|Any CPU.ActiveCfg = Debug|Any CPU
		{9A118AAD-1CBF-47E7-B08E-7A3CB72A191B}.Debug|Any CPU.Build.0 = Debug|Any CPU
		{9A118AAD-1CBF-47E7-B08E-7A3CB72A191B}.Release|Any CPU.ActiveCfg = Release|Any CPU
		{9A118AAD-1CBF-47E7-B08E-7A3CB72A191B}.Release|Any CPU.Build.0 = Release|Any CPU
		{61444245-9A0C-46AE-BA11-54CC6B1F3CB4}.Debug|Any CPU.ActiveCfg = Debug|Any CPU
		{61444245-9A0C-46AE-BA11-54CC6B1F3CB4}.Debug|Any CPU.Build.0 = Debug|Any CPU
		{61444245-9A0C-46AE-BA11-54CC6B1F3CB4}.Release|Any CPU.ActiveCfg = Release|Any CPU
		{61444245-9A0C-46AE-BA11-54CC6B1F3CB4}.Release|Any CPU.Build.0 = Release|Any CPU
		{D5BE69C0-DC75-48BB-A180-8C89CB3E6215}.Debug|Any CPU.ActiveCfg = Debug|Any CPU
		{D5BE69C0-DC75-48BB-A180-8C89CB3E6215}.Debug|Any CPU.Build.0 = Debug|Any CPU
		{D5BE69C0-DC75-48BB-A180-8C89CB3E6215}.Release|Any CPU.ActiveCfg = Release|Any CPU
		{D5BE69C0-DC75-48BB-A180-8C89CB3E6215}.Release|Any CPU.Build.0 = Release|Any CPU
		{636E5B36-4AA8-47D8-884C-AE4D80B49A14}.Debug|Any CPU.ActiveCfg = Debug|Any CPU
		{636E5B36-4AA8-47D8-884C-AE4D80B49A14}.Debug|Any CPU.Build.0 = Debug|Any CPU
		{636E5B36-4AA8-47D8-884C-AE4D80B49A14}.Release|Any CPU.ActiveCfg = Release|Any CPU
		{636E5B36-4AA8-47D8-884C-AE4D80B49A14}.Release|Any CPU.Build.0 = Release|Any CPU
	EndGlobalSection
	GlobalSection(SolutionProperties) = preSolution
		HideSolutionNode = FALSE
	EndGlobalSection
	GlobalSection(NestedProjects) = preSolution
		{A5F306E8-F964-4628-8542-5875AB265242} = {A219E328-B15A-41FF-BAA5-5F46679EF9C8}
		{A887B544-D4CE-49BE-8007-A9CFB2284857} = {A219E328-B15A-41FF-BAA5-5F46679EF9C8}
	EndGlobalSection
	GlobalSection(ExtensibilityGlobals) = postSolution
		SolutionGuid = {647F7A73-0365-411F-941D-6DDA8A4CFA1A}
	EndGlobalSection
EndGlobal
