<Solution>
  <Project Path="src/Facility.CodeGen.Console/Facility.CodeGen.Console.csproj" />
  <Project Path="src/Facility.Definition/Facility.Definition.csproj" />
  <Project Path="src/fsdgenfsd/fsdgenfsd.csproj" />
  <Project Path="tests/Facility.Definition.UnitTests/Facility.Definition.UnitTests.csproj" />
  <Project Path="tools/Build/Build.csproj" />
</Solution>
