
Microsoft Visual Studio Solution File, Format Version 12.00
# Visual Studio 14
VisualStudioVersion = 14.0.25420.1
MinimumVisualStudioVersion = 10.0.40219.1
Project("{FAE04EC0-301F-11D3-BF4B-00C04F79EFBC}") = "Facility.Definition", "src\Facility.Definition\Facility.Definition.csproj", "{64DB00A4-5FA3-4598-BA61-ED1FA891043C}"
EndProject
Project("{2150E333-8FDC-42A3-9474-1A3956D46DE8}") = "root", "root", "{A219E328-B15A-41FF-BAA5-5F46679EF9C8}"
	ProjectSection(SolutionItems) = preProject
		.gitignore = .gitignore
		build.cake = build.cake
		SolutionInfo.cs = SolutionInfo.cs
	EndProjectSection
EndProject
Project("{FAE04EC0-301F-11D3-BF4B-00C04F79EFBC}") = "fsdgenfsd", "src\fsdgenfsd\fsdgenfsd.csproj", "{C41E5525-BB3F-46B7-A6CB-92BC63FAE69A}"
EndProject
Project("{FAE04EC0-301F-11D3-BF4B-00C04F79EFBC}") = "Facility.Definition.UnitTests", "tests\Facility.Definition.UnitTests\Facility.Definition.UnitTests.csproj", "{999A87D4-79C9-4412-92A2-573174CC7114}"
EndProject
Project("{2150E333-8FDC-42A3-9474-1A3956D46DE8}") = "fsd", "fsd", "{F7A3DE98-4FD5-46BE-9606-4121422F686B}"
	ProjectSection(SolutionItems) = preProject
		fsd\FacilityCore.fsd = fsd\FacilityCore.fsd
	EndProjectSection
EndProject
Project("{FAE04EC0-301F-11D3-BF4B-00C04F79EFBC}") = "Facility.Console", "src\Facility.Console\Facility.Console.csproj", "{CA33BB9E-8557-4911-809C-D89C7408A182}"
EndProject
Global
	GlobalSection(SolutionConfigurationPlatforms) = preSolution
		Debug|Any CPU = Debug|Any CPU
		Release|Any CPU = Release|Any CPU
	EndGlobalSection
	GlobalSection(ProjectConfigurationPlatforms) = postSolution
		{64DB00A4-5FA3-4598-BA61-ED1FA891043C}.Debug|Any CPU.ActiveCfg = Debug|Any CPU
		{64DB00A4-5FA3-4598-BA61-ED1FA891043C}.Debug|Any CPU.Build.0 = Debug|Any CPU
		{64DB00A4-5FA3-4598-BA61-ED1FA891043C}.Release|Any CPU.ActiveCfg = Release|Any CPU
		{64DB00A4-5FA3-4598-BA61-ED1FA891043C}.Release|Any CPU.Build.0 = Release|Any CPU
		{C41E5525-BB3F-46B7-A6CB-92BC63FAE69A}.Debug|Any CPU.ActiveCfg = Debug|Any CPU
		{C41E5525-BB3F-46B7-A6CB-92BC63FAE69A}.Debug|Any CPU.Build.0 = Debug|Any CPU
		{C41E5525-BB3F-46B7-A6CB-92BC63FAE69A}.Release|Any CPU.ActiveCfg = Release|Any CPU
		{C41E5525-BB3F-46B7-A6CB-92BC63FAE69A}.Release|Any CPU.Build.0 = Release|Any CPU
		{999A87D4-79C9-4412-92A2-573174CC7114}.Debug|Any CPU.ActiveCfg = Debug|Any CPU
		{999A87D4-79C9-4412-92A2-573174CC7114}.Debug|Any CPU.Build.0 = Debug|Any CPU
		{999A87D4-79C9-4412-92A2-573174CC7114}.Release|Any CPU.ActiveCfg = Release|Any CPU
		{999A87D4-79C9-4412-92A2-573174CC7114}.Release|Any CPU.Build.0 = Release|Any CPU
		{CA33BB9E-8557-4911-809C-D89C7408A182}.Debug|Any CPU.ActiveCfg = Debug|Any CPU
		{CA33BB9E-8557-4911-809C-D89C7408A182}.Debug|Any CPU.Build.0 = Debug|Any CPU
		{CA33BB9E-8557-4911-809C-D89C7408A182}.Release|Any CPU.ActiveCfg = Release|Any CPU
		{CA33BB9E-8557-4911-809C-D89C7408A182}.Release|Any CPU.Build.0 = Release|Any CPU
	EndGlobalSection
	GlobalSection(SolutionProperties) = preSolution
		HideSolutionNode = FALSE
	EndGlobalSection
EndGlobal
